{
  "requires": true,
  "lockfileVersion": 1,
  "dependencies": {
    "lazysizes": {
      "version": "4.1.5",
      "resolved": "https://registry.npmjs.org/lazysizes/-/lazysizes-4.1.5.tgz",
      "integrity": "sha512-ttO/1WiM7xQyyc9QWtmErltnsli21HYh59AqSQJKpjsUoykUG+vAZqp9zGr52/hHg2ICIBm8XyB0RHvATnOw9w=="
    }
  }
}
